
Microsoft Visual Studio Solution File, Format Version 12.00
# Visual Studio Version 16
VisualStudioVersion = 16.0.30907.101
MinimumVisualStudioVersion = 10.0.40219.1
Project("{9A19103F-16F7-4668-BE54-9A1E7A4F7556}") = "DataAccess", "DataAccess\DataAccess.csproj", "{8A4DB2B0-06D4-407F-86C8-5EDD560B7FC6}"
EndProject
Project("{9A19103F-16F7-4668-BE54-9A1E7A4F7556}") = "Business", "Business\Business.csproj", "{CFC36997-B368-439B-9F30-0A775B444BA5}"
EndProject
Project("{9A19103F-16F7-4668-BE54-9A1E7A4F7556}") = "Entities", "Entities\Entities.csproj", "{5DFA5DA4-4DDE-4E79-B2EF-50A038ED846A}"
EndProject
Project("{9A19103F-16F7-4668-BE54-9A1E7A4F7556}") = "ConsoleUI", "ConsoleUI\ConsoleUI.csproj", "{698A5C81-A8DC-4397-B309-BA4A85BD855F}"
EndProject
Project("{FAE04EC0-301F-11D3-BF4B-00C04F79EFBC}") = "Core", "Core\Core.csproj", "{12444FE0-D26E-491D-9A33-1CFAAEA65715}"
EndProject
Global
	GlobalSection(SolutionConfigurationPlatforms) = preSolution
		Debug|Any CPU = Debug|Any CPU
		Release|Any CPU = Release|Any CPU
	EndGlobalSection
	GlobalSection(ProjectConfigurationPlatforms) = postSolution
		{8A4DB2B0-06D4-407F-86C8-5EDD560B7FC6}.Debug|Any CPU.ActiveCfg = Debug|Any CPU
		{8A4DB2B0-06D4-407F-86C8-5EDD560B7FC6}.Debug|Any CPU.Build.0 = Debug|Any CPU
		{8A4DB2B0-06D4-407F-86C8-5EDD560B7FC6}.Release|Any CPU.ActiveCfg = Release|Any CPU
		{8A4DB2B0-06D4-407F-86C8-5EDD560B7FC6}.Release|Any CPU.Build.0 = Release|Any CPU
		{CFC36997-B368-439B-9F30-0A775B444BA5}.Debug|Any CPU.ActiveCfg = Debug|Any CPU
		{CFC36997-B368-439B-9F30-0A775B444BA5}.Debug|Any CPU.Build.0 = Debug|Any CPU
		{CFC36997-B368-439B-9F30-0A775B444BA5}.Release|Any CPU.ActiveCfg = Release|Any CPU
		{CFC36997-B368-439B-9F30-0A775B444BA5}.Release|Any CPU.Build.0 = Release|Any CPU
		{5DFA5DA4-4DDE-4E79-B2EF-50A038ED846A}.Debug|Any CPU.ActiveCfg = Debug|Any CPU
		{5DFA5DA4-4DDE-4E79-B2EF-50A038ED846A}.Debug|Any CPU.Build.0 = Debug|Any CPU
		{5DFA5DA4-4DDE-4E79-B2EF-50A038ED846A}.Release|Any CPU.ActiveCfg = Release|Any CPU
		{5DFA5DA4-4DDE-4E79-B2EF-50A038ED846A}.Release|Any CPU.Build.0 = Release|Any CPU
		{698A5C81-A8DC-4397-B309-BA4A85BD855F}.Debug|Any CPU.ActiveCfg = Debug|Any CPU
		{698A5C81-A8DC-4397-B309-BA4A85BD855F}.Debug|Any CPU.Build.0 = Debug|Any CPU
		{698A5C81-A8DC-4397-B309-BA4A85BD855F}.Release|Any CPU.ActiveCfg = Release|Any CPU
		{698A5C81-A8DC-4397-B309-BA4A85BD855F}.Release|Any CPU.Build.0 = Release|Any CPU
		{12444FE0-D26E-491D-9A33-1CFAAEA65715}.Debug|Any CPU.ActiveCfg = Debug|Any CPU
		{12444FE0-D26E-491D-9A33-1CFAAEA65715}.Debug|Any CPU.Build.0 = Debug|Any CPU
		{12444FE0-D26E-491D-9A33-1CFAAEA65715}.Release|Any CPU.ActiveCfg = Release|Any CPU
		{12444FE0-D26E-491D-9A33-1CFAAEA65715}.Release|Any CPU.Build.0 = Release|Any CPU
	EndGlobalSection
	GlobalSection(SolutionProperties) = preSolution
		HideSolutionNode = FALSE
	EndGlobalSection
	GlobalSection(ExtensibilityGlobals) = postSolution
		SolutionGuid = {3DB2FBBC-8E2E-4111-97C0-45E86031FE90}
	EndGlobalSection
EndGlobal
